// !$*UTF8*$!
{
	archiveVersion = 1;
	classes = {
	};
	objectVersion = 51;
	objects = {

/* Begin PBXBuildFile section */
		7F12F8D82668B919007ADB8B /* FeedChallengeTableViewCell.swift in Sources */ = {isa = PBXBuildFile; fileRef = 7F12F8D72668B919007ADB8B /* FeedChallengeTableViewCell.swift */; };
		7F12F8DA2668DEBD007ADB8B /* EditChallengeDoneViewController.swift in Sources */ = {isa = PBXBuildFile; fileRef = 7F12F8D92668DEBD007ADB8B /* EditChallengeDoneViewController.swift */; };
		7F13B15D265557980042F3EC /* UIView+Extension.swift in Sources */ = {isa = PBXBuildFile; fileRef = 7F13B15C265557980042F3EC /* UIView+Extension.swift */; };
		7F13B15F265688D10042F3EC /* RecipeViewModel.swift in Sources */ = {isa = PBXBuildFile; fileRef = 7F13B15E265688D10042F3EC /* RecipeViewModel.swift */; };
		7F13B161265689330042F3EC /* Recipe.swift in Sources */ = {isa = PBXBuildFile; fileRef = 7F13B160265689330042F3EC /* Recipe.swift */; };
		7F13B16326568AFA0042F3EC /* Ingredient.swift in Sources */ = {isa = PBXBuildFile; fileRef = 7F13B16226568AFA0042F3EC /* Ingredient.swift */; };
		7F13B16526568BB90042F3EC /* Step.swift in Sources */ = {isa = PBXBuildFile; fileRef = 7F13B16426568BB90042F3EC /* Step.swift */; };
		7F13B1672656AD3E0042F3EC /* ProfileViewModel.swift in Sources */ = {isa = PBXBuildFile; fileRef = 7F13B1662656AD3E0042F3EC /* ProfileViewModel.swift */; };
		7F23F548267B97BA009A126D /* RecipeManager.swift in Sources */ = {isa = PBXBuildFile; fileRef = 7F23F547267B97BA009A126D /* RecipeManager.swift */; };
		7F284C2C264BC19C001A0B4E /* AppDelegate.swift in Sources */ = {isa = PBXBuildFile; fileRef = 7F284C2B264BC19C001A0B4E /* AppDelegate.swift */; };
		7F284C2E264BC19C001A0B4E /* SceneDelegate.swift in Sources */ = {isa = PBXBuildFile; fileRef = 7F284C2D264BC19C001A0B4E /* SceneDelegate.swift */; };
		7F284C30264BC19C001A0B4E /* HomeViewController.swift in Sources */ = {isa = PBXBuildFile; fileRef = 7F284C2F264BC19C001A0B4E /* HomeViewController.swift */; };
		7F284C33264BC19C001A0B4E /* Today.storyboard in Resources */ = {isa = PBXBuildFile; fileRef = 7F284C31264BC19C001A0B4E /* Today.storyboard */; };
		7F284C35264BC19E001A0B4E /* Assets.xcassets in Resources */ = {isa = PBXBuildFile; fileRef = 7F284C34264BC19E001A0B4E /* Assets.xcassets */; };
		7F284C38264BC19E001A0B4E /* LaunchScreen.storyboard in Resources */ = {isa = PBXBuildFile; fileRef = 7F284C36264BC19E001A0B4E /* LaunchScreen.storyboard */; };
		7F4F3AFC26709F2A00E38DDC /* 45730-recipes-book-animation.json in Resources */ = {isa = PBXBuildFile; fileRef = 7F4F3AFA26709F2A00E38DDC /* 45730-recipes-book-animation.json */; };
		7F4F3AFF2670A08700E38DDC /* 45726-recipes-animation.json in Resources */ = {isa = PBXBuildFile; fileRef = 7F4F3AFE2670A08700E38DDC /* 45726-recipes-animation.json */; };
		7F5256702665C315005A2DB9 /* SignIn.storyboard in Resources */ = {isa = PBXBuildFile; fileRef = 7F52566F2665C315005A2DB9 /* SignIn.storyboard */; };
		7F5256722665C392005A2DB9 /* SignInViewController.swift in Sources */ = {isa = PBXBuildFile; fileRef = 7F5256712665C392005A2DB9 /* SignInViewController.swift */; };
		7F5256742665E2AC005A2DB9 /* UserDefaults+Extension.swift in Sources */ = {isa = PBXBuildFile; fileRef = 7F5256732665E2AC005A2DB9 /* UserDefaults+Extension.swift */; };
		7F5256762666740B005A2DB9 /* SignInViewModel.swift in Sources */ = {isa = PBXBuildFile; fileRef = 7F5256752666740B005A2DB9 /* SignInViewModel.swift */; };
		7F52567826667938005A2DB9 /* UserManager.swift in Sources */ = {isa = PBXBuildFile; fileRef = 7F52567726667938005A2DB9 /* UserManager.swift */; };
		7F5E0C9A264FBDEA00738668 /* EditIngredients.storyboard in Resources */ = {isa = PBXBuildFile; fileRef = 7F5E0C99264FBDEA00738668 /* EditIngredients.storyboard */; };
		7F5E0C9C264FBE1B00738668 /* EditSteps.storyboard in Resources */ = {isa = PBXBuildFile; fileRef = 7F5E0C9B264FBE1B00738668 /* EditSteps.storyboard */; };
		7F5E0C9E264FF58F00738668 /* GoogleService-Info.plist in Resources */ = {isa = PBXBuildFile; fileRef = 7F5E0C9D264FF58F00738668 /* GoogleService-Info.plist */; };
		7F71652E267DB1BA0036FF35 /* CookBookTests.swift in Sources */ = {isa = PBXBuildFile; fileRef = 7F71652D267DB1BA0036FF35 /* CookBookTests.swift */; };
		7F7C735926579E7B00D1AFD4 /* EditIngredientsPreviewViewController.swift in Sources */ = {isa = PBXBuildFile; fileRef = 7F7C735826579E7B00D1AFD4 /* EditIngredientsPreviewViewController.swift */; };
		7F7C735D26589CED00D1AFD4 /* User.swift in Sources */ = {isa = PBXBuildFile; fileRef = 7F7C735C26589CED00D1AFD4 /* User.swift */; };
		7F7C735F2658A98E00D1AFD4 /* UserViewModel.swift in Sources */ = {isa = PBXBuildFile; fileRef = 7F7C735E2658A98E00D1AFD4 /* UserViewModel.swift */; };
		7F7C736126594C5F00D1AFD4 /* EditViewModel.swift in Sources */ = {isa = PBXBuildFile; fileRef = 7F7C736026594C5F00D1AFD4 /* EditViewModel.swift */; };
		7F7C7363265A2FFB00D1AFD4 /* EditStepsPreviewViewController.swift in Sources */ = {isa = PBXBuildFile; fileRef = 7F7C7362265A2FFB00D1AFD4 /* EditStepsPreviewViewController.swift */; };
		7F7C7365265D341100D1AFD4 /* EditStepsCollectionViewCell.swift in Sources */ = {isa = PBXBuildFile; fileRef = 7F7C7364265D341100D1AFD4 /* EditStepsCollectionViewCell.swift */; };
		7FA1BA84264CD1A900B8ED13 /* Main.storyboard in Resources */ = {isa = PBXBuildFile; fileRef = 7FA1BA83264CD1A900B8ED13 /* Main.storyboard */; };
		7FA1BA86264CDBA600B8ED13 /* Profile.storyboard in Resources */ = {isa = PBXBuildFile; fileRef = 7FA1BA85264CDBA600B8ED13 /* Profile.storyboard */; };
		7FA1BA88264CDCDE00B8ED13 /* Edit.storyboard in Resources */ = {isa = PBXBuildFile; fileRef = 7FA1BA87264CDCDE00B8ED13 /* Edit.storyboard */; };
		7FA1BA8D264CFC9D00B8ED13 /* FeedTableViewCell.swift in Sources */ = {isa = PBXBuildFile; fileRef = 7FA1BA8B264CFC9D00B8ED13 /* FeedTableViewCell.swift */; };
		7FA1BA95264E4C9200B8ED13 /* ProfileCollectionViewCell.swift in Sources */ = {isa = PBXBuildFile; fileRef = 7FA1BA93264E4C9200B8ED13 /* ProfileCollectionViewCell.swift */; };
		7FA1BA98264E678000B8ED13 /* Read.storyboard in Resources */ = {isa = PBXBuildFile; fileRef = 7FA1BA97264E678000B8ED13 /* Read.storyboard */; };
		7FC23EBB265FED1B00522ED4 /* ReadViewModel.swift in Sources */ = {isa = PBXBuildFile; fileRef = 7FC23EBA265FED1B00522ED4 /* ReadViewModel.swift */; };
		7FE2142B264E769100208667 /* ReadStepsCollectionViewCell.swift in Sources */ = {isa = PBXBuildFile; fileRef = 7FE21429264E769100208667 /* ReadStepsCollectionViewCell.swift */; };
		7FE2142C264E769100208667 /* ReadStepsCollectionViewCell.xib in Resources */ = {isa = PBXBuildFile; fileRef = 7FE2142A264E769100208667 /* ReadStepsCollectionViewCell.xib */; };
		7FE2142F264E819F00208667 /* ReadIngredientsCollectionViewCell.swift in Sources */ = {isa = PBXBuildFile; fileRef = 7FE2142D264E819F00208667 /* ReadIngredientsCollectionViewCell.swift */; };
		7FE21430264E819F00208667 /* ReadIngredientsCollectionViewCell.xib in Resources */ = {isa = PBXBuildFile; fileRef = 7FE2142E264E819F00208667 /* ReadIngredientsCollectionViewCell.xib */; };
		7FE21438264F948F00208667 /* EditIngredientsTableViewCell.swift in Sources */ = {isa = PBXBuildFile; fileRef = 7FE21436264F948F00208667 /* EditIngredientsTableViewCell.swift */; };
		7FE21439264F948F00208667 /* EditIngredientsTableViewCell.xib in Resources */ = {isa = PBXBuildFile; fileRef = 7FE21437264F948F00208667 /* EditIngredientsTableViewCell.xib */; };
		7FE2143C264F996D00208667 /* EditStepsTableViewCell.swift in Sources */ = {isa = PBXBuildFile; fileRef = 7FE2143A264F996D00208667 /* EditStepsTableViewCell.swift */; };
		7FE2143D264F996D00208667 /* EditStepsTableViewCell.xib in Resources */ = {isa = PBXBuildFile; fileRef = 7FE2143B264F996D00208667 /* EditStepsTableViewCell.xib */; };
		7FE2C2082663746600FCEAE3 /* TodayVideoViewController.swift in Sources */ = {isa = PBXBuildFile; fileRef = 7FE2C2072663746600FCEAE3 /* TodayVideoViewController.swift */; };
		7FE2C20B266390D500FCEAE3 /* TodayRecipe.swift in Sources */ = {isa = PBXBuildFile; fileRef = 7FE2C20A266390D500FCEAE3 /* TodayRecipe.swift */; };
		7FE2C20D2663993600FCEAE3 /* TodayViewModel.swift in Sources */ = {isa = PBXBuildFile; fileRef = 7FE2C20C2663993600FCEAE3 /* TodayViewModel.swift */; };
		7FE2C20F26639A1400FCEAE3 /* TodayRecipeViewModel.swift in Sources */ = {isa = PBXBuildFile; fileRef = 7FE2C20E26639A1400FCEAE3 /* TodayRecipeViewModel.swift */; };
		7FF736F5266CBD69006E1E3E /* JGProgressHUDWrapper.swift in Sources */ = {isa = PBXBuildFile; fileRef = 7FF736F4266CBD69006E1E3E /* JGProgressHUDWrapper.swift */; };
		7FF736F7266DFA92006E1E3E /* PrivacyViewController.swift in Sources */ = {isa = PBXBuildFile; fileRef = 7FF736F6266DFA92006E1E3E /* PrivacyViewController.swift */; };
		7FFCF05E26500AE10082ED8E /* UITableView+Extension.swift in Sources */ = {isa = PBXBuildFile; fileRef = 7FFCF05D26500AE10082ED8E /* UITableView+Extension.swift */; };
		7FFCF0622650148D0082ED8E /* FeedChallengeDoneTableViewCell.swift in Sources */ = {isa = PBXBuildFile; fileRef = 7FFCF0602650148C0082ED8E /* FeedChallengeDoneTableViewCell.swift */; };
		7FFCF0672650C4AC0082ED8E /* KingFisherWrapper.swift in Sources */ = {isa = PBXBuildFile; fileRef = 7FFCF0662650C4AC0082ED8E /* KingFisherWrapper.swift */; };
		7FFCF0692650C8420082ED8E /* FeedViewModel.swift in Sources */ = {isa = PBXBuildFile; fileRef = 7FFCF0682650C8420082ED8E /* FeedViewModel.swift */; };
		7FFCF06B2650CED80082ED8E /* Feed.swift in Sources */ = {isa = PBXBuildFile; fileRef = 7FFCF06A2650CED80082ED8E /* Feed.swift */; };
		7FFCF06E2650F51B0082ED8E /* DateHelper.swift in Sources */ = {isa = PBXBuildFile; fileRef = 7FFCF06D2650F51B0082ED8E /* DateHelper.swift */; };
		7FFCF0702650F73C0082ED8E /* FeedManager.swift in Sources */ = {isa = PBXBuildFile; fileRef = 7FFCF06F2650F73C0082ED8E /* FeedManager.swift */; };
		7FFCF072265104EE0082ED8E /* HomeViewModel.swift in Sources */ = {isa = PBXBuildFile; fileRef = 7FFCF071265104EE0082ED8E /* HomeViewModel.swift */; };
		7FFCF074265105F00082ED8E /* Box.swift in Sources */ = {isa = PBXBuildFile; fileRef = 7FFCF073265105F00082ED8E /* Box.swift */; };
		7FFCF076265222520082ED8E /* TodayViewController.swift in Sources */ = {isa = PBXBuildFile; fileRef = 7FFCF075265222520082ED8E /* TodayViewController.swift */; };
		7FFCF078265233820082ED8E /* UIStoryboard+Extension.swift in Sources */ = {isa = PBXBuildFile; fileRef = 7FFCF077265233820082ED8E /* UIStoryboard+Extension.swift */; };
		7FFCF07A26523C000082ED8E /* EditViewController.swift in Sources */ = {isa = PBXBuildFile; fileRef = 7FFCF07926523C000082ED8E /* EditViewController.swift */; };
		7FFCF07C265266BB0082ED8E /* ProfileViewController.swift in Sources */ = {isa = PBXBuildFile; fileRef = 7FFCF07B265266BB0082ED8E /* ProfileViewController.swift */; };
		7FFCF07E26526C7F0082ED8E /* EditPreviewViewController.swift in Sources */ = {isa = PBXBuildFile; fileRef = 7FFCF07D26526C7F0082ED8E /* EditPreviewViewController.swift */; };
		7FFCF080265281C70082ED8E /* ReadViewController.swift in Sources */ = {isa = PBXBuildFile; fileRef = 7FFCF07F265281C70082ED8E /* ReadViewController.swift */; };
		7FFCF0822652C12D0082ED8E /* ReadModeViewController.swift in Sources */ = {isa = PBXBuildFile; fileRef = 7FFCF0812652C12D0082ED8E /* ReadModeViewController.swift */; };
		7FFCF0842653F44D0082ED8E /* EditStepsViewController.swift in Sources */ = {isa = PBXBuildFile; fileRef = 7FFCF0832653F44D0082ED8E /* EditStepsViewController.swift */; };
		7FFCF0872653F9770082ED8E /* EditIngredientsViewController.swift in Sources */ = {isa = PBXBuildFile; fileRef = 7FFCF0862653F9770082ED8E /* EditIngredientsViewController.swift */; };
		7FFCF089265409BC0082ED8E /* EditDoneViewController.swift in Sources */ = {isa = PBXBuildFile; fileRef = 7FFCF088265409BC0082ED8E /* EditDoneViewController.swift */; };
		7FFCF08B26540BA40082ED8E /* EditDone.storyboard in Resources */ = {isa = PBXBuildFile; fileRef = 7FFCF08A26540BA40082ED8E /* EditDone.storyboard */; };
		7FFCF08D2654B70D0082ED8E /* Challenge.storyboard in Resources */ = {isa = PBXBuildFile; fileRef = 7FFCF08C2654B70D0082ED8E /* Challenge.storyboard */; };
		7FFCF08F2654C4A60082ED8E /* ChallengeViewController.swift in Sources */ = {isa = PBXBuildFile; fileRef = 7FFCF08E2654C4A60082ED8E /* ChallengeViewController.swift */; };
		7FFCF0922654E8C70082ED8E /* SnapCollectionFlowLayout.swift in Sources */ = {isa = PBXBuildFile; fileRef = 7FFCF0912654E8C70082ED8E /* SnapCollectionFlowLayout.swift */; };
		7FFCF0942654EB9F0082ED8E /* UICollectionView+Extension.swift in Sources */ = {isa = PBXBuildFile; fileRef = 7FFCF0932654EB9F0082ED8E /* UICollectionView+Extension.swift */; };
		991048751A7C5C1BDBE51B69 /* Pods_CookBook.framework in Frameworks */ = {isa = PBXBuildFile; fileRef = 2BDA11CE3C80128E152603F5 /* Pods_CookBook.framework */; };
/* End PBXBuildFile section */

/* Begin PBXContainerItemProxy section */
		7F716530267DB1BA0036FF35 /* PBXContainerItemProxy */ = {
			isa = PBXContainerItemProxy;
			containerPortal = 7F284C20264BC19C001A0B4E /* Project object */;
			proxyType = 1;
			remoteGlobalIDString = 7F284C27264BC19C001A0B4E;
			remoteInfo = CookBook;
		};
/* End PBXContainerItemProxy section */

/* Begin PBXFileReference section */
		0DAE1C997DAE8278848C0706 /* Pods-CookBook.release.xcconfig */ = {isa = PBXFileReference; includeInIndex = 1; lastKnownFileType = text.xcconfig; name = "Pods-CookBook.release.xcconfig"; path = "Target Support Files/Pods-CookBook/Pods-CookBook.release.xcconfig"; sourceTree = "<group>"; };
		2BDA11CE3C80128E152603F5 /* Pods_CookBook.framework */ = {isa = PBXFileReference; explicitFileType = wrapper.framework; includeInIndex = 0; path = Pods_CookBook.framework; sourceTree = BUILT_PRODUCTS_DIR; };
		7F12F8D72668B919007ADB8B /* FeedChallengeTableViewCell.swift */ = {isa = PBXFileReference; lastKnownFileType = sourcecode.swift; path = FeedChallengeTableViewCell.swift; sourceTree = "<group>"; };
		7F12F8D92668DEBD007ADB8B /* EditChallengeDoneViewController.swift */ = {isa = PBXFileReference; lastKnownFileType = sourcecode.swift; path = EditChallengeDoneViewController.swift; sourceTree = "<group>"; };
		7F13B15C265557980042F3EC /* UIView+Extension.swift */ = {isa = PBXFileReference; lastKnownFileType = sourcecode.swift; path = "UIView+Extension.swift"; sourceTree = "<group>"; };
		7F13B15E265688D10042F3EC /* RecipeViewModel.swift */ = {isa = PBXFileReference; lastKnownFileType = sourcecode.swift; path = RecipeViewModel.swift; sourceTree = "<group>"; };
		7F13B160265689330042F3EC /* Recipe.swift */ = {isa = PBXFileReference; lastKnownFileType = sourcecode.swift; path = Recipe.swift; sourceTree = "<group>"; };
		7F13B16226568AFA0042F3EC /* Ingredient.swift */ = {isa = PBXFileReference; lastKnownFileType = sourcecode.swift; path = Ingredient.swift; sourceTree = "<group>"; };
		7F13B16426568BB90042F3EC /* Step.swift */ = {isa = PBXFileReference; lastKnownFileType = sourcecode.swift; path = Step.swift; sourceTree = "<group>"; };
		7F13B1662656AD3E0042F3EC /* ProfileViewModel.swift */ = {isa = PBXFileReference; lastKnownFileType = sourcecode.swift; path = ProfileViewModel.swift; sourceTree = "<group>"; };
		7F23F547267B97BA009A126D /* RecipeManager.swift */ = {isa = PBXFileReference; lastKnownFileType = sourcecode.swift; path = RecipeManager.swift; sourceTree = "<group>"; };
		7F284C28264BC19C001A0B4E /* CookBook.app */ = {isa = PBXFileReference; explicitFileType = wrapper.application; includeInIndex = 0; path = CookBook.app; sourceTree = BUILT_PRODUCTS_DIR; };
		7F284C2B264BC19C001A0B4E /* AppDelegate.swift */ = {isa = PBXFileReference; lastKnownFileType = sourcecode.swift; path = AppDelegate.swift; sourceTree = "<group>"; };
		7F284C2D264BC19C001A0B4E /* SceneDelegate.swift */ = {isa = PBXFileReference; lastKnownFileType = sourcecode.swift; path = SceneDelegate.swift; sourceTree = "<group>"; };
		7F284C2F264BC19C001A0B4E /* HomeViewController.swift */ = {isa = PBXFileReference; lastKnownFileType = sourcecode.swift; path = HomeViewController.swift; sourceTree = "<group>"; };
		7F284C32264BC19C001A0B4E /* Base */ = {isa = PBXFileReference; lastKnownFileType = file.storyboard; name = Base; path = Base.lproj/Today.storyboard; sourceTree = "<group>"; };
		7F284C34264BC19E001A0B4E /* Assets.xcassets */ = {isa = PBXFileReference; lastKnownFileType = folder.assetcatalog; path = Assets.xcassets; sourceTree = "<group>"; };
		7F284C37264BC19E001A0B4E /* Base */ = {isa = PBXFileReference; lastKnownFileType = file.storyboard; name = Base; path = Base.lproj/LaunchScreen.storyboard; sourceTree = "<group>"; };
		7F284C39264BC19E001A0B4E /* Info.plist */ = {isa = PBXFileReference; lastKnownFileType = text.plist.xml; path = Info.plist; sourceTree = "<group>"; };
		7F4F3AFA26709F2A00E38DDC /* 45730-recipes-book-animation.json */ = {isa = PBXFileReference; fileEncoding = 4; lastKnownFileType = text.json; path = "45730-recipes-book-animation.json"; sourceTree = "<group>"; };
		7F4F3AFE2670A08700E38DDC /* 45726-recipes-animation.json */ = {isa = PBXFileReference; fileEncoding = 4; lastKnownFileType = text.json; path = "45726-recipes-animation.json"; sourceTree = "<group>"; };
		7F52566E266553C4005A2DB9 /* CookBook.entitlements */ = {isa = PBXFileReference; lastKnownFileType = text.plist.entitlements; path = CookBook.entitlements; sourceTree = "<group>"; };
		7F52566F2665C315005A2DB9 /* SignIn.storyboard */ = {isa = PBXFileReference; lastKnownFileType = file.storyboard; path = SignIn.storyboard; sourceTree = "<group>"; };
		7F5256712665C392005A2DB9 /* SignInViewController.swift */ = {isa = PBXFileReference; lastKnownFileType = sourcecode.swift; path = SignInViewController.swift; sourceTree = "<group>"; };
		7F5256732665E2AC005A2DB9 /* UserDefaults+Extension.swift */ = {isa = PBXFileReference; lastKnownFileType = sourcecode.swift; path = "UserDefaults+Extension.swift"; sourceTree = "<group>"; };
		7F5256752666740B005A2DB9 /* SignInViewModel.swift */ = {isa = PBXFileReference; lastKnownFileType = sourcecode.swift; path = SignInViewModel.swift; sourceTree = "<group>"; };
		7F52567726667938005A2DB9 /* UserManager.swift */ = {isa = PBXFileReference; lastKnownFileType = sourcecode.swift; path = UserManager.swift; sourceTree = "<group>"; };
		7F5E0C99264FBDEA00738668 /* EditIngredients.storyboard */ = {isa = PBXFileReference; fileEncoding = 4; lastKnownFileType = file.storyboard; path = EditIngredients.storyboard; sourceTree = "<group>"; };
		7F5E0C9B264FBE1B00738668 /* EditSteps.storyboard */ = {isa = PBXFileReference; fileEncoding = 4; lastKnownFileType = file.storyboard; path = EditSteps.storyboard; sourceTree = "<group>"; };
		7F5E0C9D264FF58F00738668 /* GoogleService-Info.plist */ = {isa = PBXFileReference; fileEncoding = 4; lastKnownFileType = text.plist.xml; path = "GoogleService-Info.plist"; sourceTree = "<group>"; };
		7F71652B267DB1BA0036FF35 /* CookBookTests.xctest */ = {isa = PBXFileReference; explicitFileType = wrapper.cfbundle; includeInIndex = 0; path = CookBookTests.xctest; sourceTree = BUILT_PRODUCTS_DIR; };
		7F71652D267DB1BA0036FF35 /* CookBookTests.swift */ = {isa = PBXFileReference; lastKnownFileType = sourcecode.swift; path = CookBookTests.swift; sourceTree = "<group>"; };
		7F71652F267DB1BA0036FF35 /* Info.plist */ = {isa = PBXFileReference; lastKnownFileType = text.plist.xml; path = Info.plist; sourceTree = "<group>"; };
		7F7C735826579E7B00D1AFD4 /* EditIngredientsPreviewViewController.swift */ = {isa = PBXFileReference; lastKnownFileType = sourcecode.swift; path = EditIngredientsPreviewViewController.swift; sourceTree = "<group>"; };
		7F7C735C26589CED00D1AFD4 /* User.swift */ = {isa = PBXFileReference; lastKnownFileType = sourcecode.swift; path = User.swift; sourceTree = "<group>"; };
		7F7C735E2658A98E00D1AFD4 /* UserViewModel.swift */ = {isa = PBXFileReference; lastKnownFileType = sourcecode.swift; path = UserViewModel.swift; sourceTree = "<group>"; };
		7F7C736026594C5F00D1AFD4 /* EditViewModel.swift */ = {isa = PBXFileReference; lastKnownFileType = sourcecode.swift; path = EditViewModel.swift; sourceTree = "<group>"; };
		7F7C7362265A2FFB00D1AFD4 /* EditStepsPreviewViewController.swift */ = {isa = PBXFileReference; lastKnownFileType = sourcecode.swift; path = EditStepsPreviewViewController.swift; sourceTree = "<group>"; };
		7F7C7364265D341100D1AFD4 /* EditStepsCollectionViewCell.swift */ = {isa = PBXFileReference; lastKnownFileType = sourcecode.swift; path = EditStepsCollectionViewCell.swift; sourceTree = "<group>"; };
		7FA1BA83264CD1A900B8ED13 /* Main.storyboard */ = {isa = PBXFileReference; lastKnownFileType = file.storyboard; path = Main.storyboard; sourceTree = "<group>"; };
		7FA1BA85264CDBA600B8ED13 /* Profile.storyboard */ = {isa = PBXFileReference; fileEncoding = 4; lastKnownFileType = file.storyboard; path = Profile.storyboard; sourceTree = "<group>"; };
		7FA1BA87264CDCDE00B8ED13 /* Edit.storyboard */ = {isa = PBXFileReference; fileEncoding = 4; lastKnownFileType = file.storyboard; path = Edit.storyboard; sourceTree = "<group>"; };
		7FA1BA8B264CFC9D00B8ED13 /* FeedTableViewCell.swift */ = {isa = PBXFileReference; lastKnownFileType = sourcecode.swift; path = FeedTableViewCell.swift; sourceTree = "<group>"; };
		7FA1BA93264E4C9200B8ED13 /* ProfileCollectionViewCell.swift */ = {isa = PBXFileReference; lastKnownFileType = sourcecode.swift; path = ProfileCollectionViewCell.swift; sourceTree = "<group>"; };
		7FA1BA97264E678000B8ED13 /* Read.storyboard */ = {isa = PBXFileReference; lastKnownFileType = file.storyboard; path = Read.storyboard; sourceTree = "<group>"; };
		7FC23EBA265FED1B00522ED4 /* ReadViewModel.swift */ = {isa = PBXFileReference; lastKnownFileType = sourcecode.swift; path = ReadViewModel.swift; sourceTree = "<group>"; };
		7FE21429264E769100208667 /* ReadStepsCollectionViewCell.swift */ = {isa = PBXFileReference; lastKnownFileType = sourcecode.swift; path = ReadStepsCollectionViewCell.swift; sourceTree = "<group>"; };
		7FE2142A264E769100208667 /* ReadStepsCollectionViewCell.xib */ = {isa = PBXFileReference; lastKnownFileType = file.xib; path = ReadStepsCollectionViewCell.xib; sourceTree = "<group>"; };
		7FE2142D264E819F00208667 /* ReadIngredientsCollectionViewCell.swift */ = {isa = PBXFileReference; lastKnownFileType = sourcecode.swift; path = ReadIngredientsCollectionViewCell.swift; sourceTree = "<group>"; };
		7FE2142E264E819F00208667 /* ReadIngredientsCollectionViewCell.xib */ = {isa = PBXFileReference; lastKnownFileType = file.xib; path = ReadIngredientsCollectionViewCell.xib; sourceTree = "<group>"; };
		7FE21436264F948F00208667 /* EditIngredientsTableViewCell.swift */ = {isa = PBXFileReference; lastKnownFileType = sourcecode.swift; path = EditIngredientsTableViewCell.swift; sourceTree = "<group>"; };
		7FE21437264F948F00208667 /* EditIngredientsTableViewCell.xib */ = {isa = PBXFileReference; lastKnownFileType = file.xib; path = EditIngredientsTableViewCell.xib; sourceTree = "<group>"; };
		7FE2143A264F996D00208667 /* EditStepsTableViewCell.swift */ = {isa = PBXFileReference; lastKnownFileType = sourcecode.swift; path = EditStepsTableViewCell.swift; sourceTree = "<group>"; };
		7FE2143B264F996D00208667 /* EditStepsTableViewCell.xib */ = {isa = PBXFileReference; lastKnownFileType = file.xib; path = EditStepsTableViewCell.xib; sourceTree = "<group>"; };
		7FE2C2072663746600FCEAE3 /* TodayVideoViewController.swift */ = {isa = PBXFileReference; lastKnownFileType = sourcecode.swift; path = TodayVideoViewController.swift; sourceTree = "<group>"; };
		7FE2C20A266390D500FCEAE3 /* TodayRecipe.swift */ = {isa = PBXFileReference; lastKnownFileType = sourcecode.swift; path = TodayRecipe.swift; sourceTree = "<group>"; };
		7FE2C20C2663993600FCEAE3 /* TodayViewModel.swift */ = {isa = PBXFileReference; lastKnownFileType = sourcecode.swift; path = TodayViewModel.swift; sourceTree = "<group>"; };
		7FE2C20E26639A1400FCEAE3 /* TodayRecipeViewModel.swift */ = {isa = PBXFileReference; lastKnownFileType = sourcecode.swift; path = TodayRecipeViewModel.swift; sourceTree = "<group>"; };
		7FF736F4266CBD69006E1E3E /* JGProgressHUDWrapper.swift */ = {isa = PBXFileReference; lastKnownFileType = sourcecode.swift; path = JGProgressHUDWrapper.swift; sourceTree = "<group>"; };
		7FF736F6266DFA92006E1E3E /* PrivacyViewController.swift */ = {isa = PBXFileReference; lastKnownFileType = sourcecode.swift; path = PrivacyViewController.swift; sourceTree = "<group>"; };
		7FFCF05D26500AE10082ED8E /* UITableView+Extension.swift */ = {isa = PBXFileReference; lastKnownFileType = sourcecode.swift; path = "UITableView+Extension.swift"; sourceTree = "<group>"; };
		7FFCF0602650148C0082ED8E /* FeedChallengeDoneTableViewCell.swift */ = {isa = PBXFileReference; fileEncoding = 4; lastKnownFileType = sourcecode.swift; path = FeedChallengeDoneTableViewCell.swift; sourceTree = "<group>"; };
		7FFCF0662650C4AC0082ED8E /* KingFisherWrapper.swift */ = {isa = PBXFileReference; lastKnownFileType = sourcecode.swift; path = KingFisherWrapper.swift; sourceTree = "<group>"; };
		7FFCF0682650C8420082ED8E /* FeedViewModel.swift */ = {isa = PBXFileReference; lastKnownFileType = sourcecode.swift; path = FeedViewModel.swift; sourceTree = "<group>"; };
		7FFCF06A2650CED80082ED8E /* Feed.swift */ = {isa = PBXFileReference; lastKnownFileType = sourcecode.swift; path = Feed.swift; sourceTree = "<group>"; };
		7FFCF06D2650F51B0082ED8E /* DateHelper.swift */ = {isa = PBXFileReference; lastKnownFileType = sourcecode.swift; path = DateHelper.swift; sourceTree = "<group>"; };
		7FFCF06F2650F73C0082ED8E /* FeedManager.swift */ = {isa = PBXFileReference; lastKnownFileType = sourcecode.swift; path = FeedManager.swift; sourceTree = "<group>"; };
		7FFCF071265104EE0082ED8E /* HomeViewModel.swift */ = {isa = PBXFileReference; lastKnownFileType = sourcecode.swift; path = HomeViewModel.swift; sourceTree = "<group>"; };
		7FFCF073265105F00082ED8E /* Box.swift */ = {isa = PBXFileReference; lastKnownFileType = sourcecode.swift; path = Box.swift; sourceTree = "<group>"; };
		7FFCF075265222520082ED8E /* TodayViewController.swift */ = {isa = PBXFileReference; lastKnownFileType = sourcecode.swift; path = TodayViewController.swift; sourceTree = "<group>"; };
		7FFCF077265233820082ED8E /* UIStoryboard+Extension.swift */ = {isa = PBXFileReference; lastKnownFileType = sourcecode.swift; path = "UIStoryboard+Extension.swift"; sourceTree = "<group>"; };
		7FFCF07926523C000082ED8E /* EditViewController.swift */ = {isa = PBXFileReference; lastKnownFileType = sourcecode.swift; path = EditViewController.swift; sourceTree = "<group>"; };
		7FFCF07B265266BB0082ED8E /* ProfileViewController.swift */ = {isa = PBXFileReference; lastKnownFileType = sourcecode.swift; path = ProfileViewController.swift; sourceTree = "<group>"; };
		7FFCF07D26526C7F0082ED8E /* EditPreviewViewController.swift */ = {isa = PBXFileReference; lastKnownFileType = sourcecode.swift; path = EditPreviewViewController.swift; sourceTree = "<group>"; };
		7FFCF07F265281C70082ED8E /* ReadViewController.swift */ = {isa = PBXFileReference; lastKnownFileType = sourcecode.swift; path = ReadViewController.swift; sourceTree = "<group>"; };
		7FFCF0812652C12D0082ED8E /* ReadModeViewController.swift */ = {isa = PBXFileReference; lastKnownFileType = sourcecode.swift; path = ReadModeViewController.swift; sourceTree = "<group>"; };
		7FFCF0832653F44D0082ED8E /* EditStepsViewController.swift */ = {isa = PBXFileReference; lastKnownFileType = sourcecode.swift; path = EditStepsViewController.swift; sourceTree = "<group>"; };
		7FFCF0862653F9770082ED8E /* EditIngredientsViewController.swift */ = {isa = PBXFileReference; lastKnownFileType = sourcecode.swift; path = EditIngredientsViewController.swift; sourceTree = "<group>"; };
		7FFCF088265409BC0082ED8E /* EditDoneViewController.swift */ = {isa = PBXFileReference; lastKnownFileType = sourcecode.swift; path = EditDoneViewController.swift; sourceTree = "<group>"; };
		7FFCF08A26540BA40082ED8E /* EditDone.storyboard */ = {isa = PBXFileReference; lastKnownFileType = file.storyboard; path = EditDone.storyboard; sourceTree = "<group>"; };
		7FFCF08C2654B70D0082ED8E /* Challenge.storyboard */ = {isa = PBXFileReference; lastKnownFileType = file.storyboard; path = Challenge.storyboard; sourceTree = "<group>"; };
		7FFCF08E2654C4A60082ED8E /* ChallengeViewController.swift */ = {isa = PBXFileReference; lastKnownFileType = sourcecode.swift; path = ChallengeViewController.swift; sourceTree = "<group>"; };
		7FFCF0912654E8C70082ED8E /* SnapCollectionFlowLayout.swift */ = {isa = PBXFileReference; fileEncoding = 4; lastKnownFileType = sourcecode.swift; path = SnapCollectionFlowLayout.swift; sourceTree = "<group>"; };
		7FFCF0932654EB9F0082ED8E /* UICollectionView+Extension.swift */ = {isa = PBXFileReference; lastKnownFileType = sourcecode.swift; path = "UICollectionView+Extension.swift"; sourceTree = "<group>"; };
		B6EC1FF843BFE59FD2CD440B /* Pods-CookBook.debug.xcconfig */ = {isa = PBXFileReference; includeInIndex = 1; lastKnownFileType = text.xcconfig; name = "Pods-CookBook.debug.xcconfig"; path = "Target Support Files/Pods-CookBook/Pods-CookBook.debug.xcconfig"; sourceTree = "<group>"; };
/* End PBXFileReference section */

/* Begin PBXFrameworksBuildPhase section */
		7F284C25264BC19C001A0B4E /* Frameworks */ = {
			isa = PBXFrameworksBuildPhase;
			buildActionMask = 2147483647;
			files = (
				991048751A7C5C1BDBE51B69 /* Pods_CookBook.framework in Frameworks */,
			);
			runOnlyForDeploymentPostprocessing = 0;
		};
		7F716528267DB1BA0036FF35 /* Frameworks */ = {
			isa = PBXFrameworksBuildPhase;
			buildActionMask = 2147483647;
			files = (
			);
			runOnlyForDeploymentPostprocessing = 0;
		};
/* End PBXFrameworksBuildPhase section */

/* Begin PBXGroup section */
		390AC355E9D74259F804363B /* Pods */ = {
			isa = PBXGroup;
			children = (
				B6EC1FF843BFE59FD2CD440B /* Pods-CookBook.debug.xcconfig */,
				0DAE1C997DAE8278848C0706 /* Pods-CookBook.release.xcconfig */,
			);
			path = Pods;
			sourceTree = "<group>";
		};
		7F284C1F264BC19C001A0B4E = {
			isa = PBXGroup;
			children = (
				7F284C2A264BC19C001A0B4E /* CookBook */,
				7F71652C267DB1BA0036FF35 /* CookBookTests */,
				7F284C29264BC19C001A0B4E /* Products */,
				390AC355E9D74259F804363B /* Pods */,
				D63455D3A42A34D9C1BC7ED6 /* Frameworks */,
			);
			sourceTree = "<group>";
		};
		7F284C29264BC19C001A0B4E /* Products */ = {
			isa = PBXGroup;
			children = (
				7F284C28264BC19C001A0B4E /* CookBook.app */,
				7F71652B267DB1BA0036FF35 /* CookBookTests.xctest */,
			);
			name = Products;
			sourceTree = "<group>";
		};
		7F284C2A264BC19C001A0B4E /* CookBook */ = {
			isa = PBXGroup;
			children = (
				7F52566E266553C4005A2DB9 /* CookBook.entitlements */,
				7F284C34264BC19E001A0B4E /* Assets.xcassets */,
				7F284C2D264BC19C001A0B4E /* SceneDelegate.swift */,
				7F284C2B264BC19C001A0B4E /* AppDelegate.swift */,
				7FFCF05F26500AEB0082ED8E /* Extension */,
				7FFCF0652650C49E0082ED8E /* ThirdPartyWrapper */,
				7F4F3AF926709DBC00E38DDC /* Resources */,
				7FFCF06C2650F5070082ED8E /* Helper */,
				7FA1BA7E264CC60C00B8ED13 /* Network */,
				7FA1BA82264CC85800B8ED13 /* Utility */,
				7FA1BA7F264CC67900B8ED13 /* Controller */,
				7FA1BA7C264CC5DD00B8ED13 /* Model */,
				7FA1BA7D264CC5E400B8ED13 /* ViewModel */,
				7FA1BA7B264CC5D600B8ED13 /* View */,
				7FA1BA81264CC84200B8ED13 /* Storyboard */,
				7F5E0C9D264FF58F00738668 /* GoogleService-Info.plist */,
				7F284C39264BC19E001A0B4E /* Info.plist */,
			);
			path = CookBook;
			sourceTree = "<group>";
		};
		7F4F3AF926709DBC00E38DDC /* Resources */ = {
			isa = PBXGroup;
			children = (
				7F4F3AFE2670A08700E38DDC /* 45726-recipes-animation.json */,
				7F4F3AFA26709F2A00E38DDC /* 45730-recipes-book-animation.json */,
			);
			path = Resources;
			sourceTree = "<group>";
		};
		7F71652C267DB1BA0036FF35 /* CookBookTests */ = {
			isa = PBXGroup;
			children = (
				7F71652D267DB1BA0036FF35 /* CookBookTests.swift */,
				7F71652F267DB1BA0036FF35 /* Info.plist */,
			);
			path = CookBookTests;
			sourceTree = "<group>";
		};
		7F7C7366265D36EF00D1AFD4 /* EditSteps */ = {
			isa = PBXGroup;
			children = (
				7F7C7362265A2FFB00D1AFD4 /* EditStepsPreviewViewController.swift */,
				7FFCF0832653F44D0082ED8E /* EditStepsViewController.swift */,
			);
			path = EditSteps;
			sourceTree = "<group>";
		};
		7F7C7367265D371B00D1AFD4 /* EditIngredients */ = {
			isa = PBXGroup;
			children = (
				7F7C735826579E7B00D1AFD4 /* EditIngredientsPreviewViewController.swift */,
				7FFCF0862653F9770082ED8E /* EditIngredientsViewController.swift */,
			);
			path = EditIngredients;
			sourceTree = "<group>";
		};
		7F7C7368265D374200D1AFD4 /* Edit */ = {
			isa = PBXGroup;
			children = (
				7F12F8D92668DEBD007ADB8B /* EditChallengeDoneViewController.swift */,
				7FFCF088265409BC0082ED8E /* EditDoneViewController.swift */,
				7FFCF07D26526C7F0082ED8E /* EditPreviewViewController.swift */,
				7FFCF07926523C000082ED8E /* EditViewController.swift */,
				7F7C7367265D371B00D1AFD4 /* EditIngredients */,
				7F7C7366265D36EF00D1AFD4 /* EditSteps */,
			);
			path = Edit;
			sourceTree = "<group>";
		};
		7F7C7369265D376300D1AFD4 /* Read */ = {
			isa = PBXGroup;
			children = (
				7FFCF0812652C12D0082ED8E /* ReadModeViewController.swift */,
				7FFCF07F265281C70082ED8E /* ReadViewController.swift */,
			);
			path = Read;
			sourceTree = "<group>";
		};
		7F7C736A265DDE2A00D1AFD4 /* Edit */ = {
			isa = PBXGroup;
			children = (
				7FA1BA87264CDCDE00B8ED13 /* Edit.storyboard */,
				7FFCF08A26540BA40082ED8E /* EditDone.storyboard */,
				7F5E0C99264FBDEA00738668 /* EditIngredients.storyboard */,
				7F5E0C9B264FBE1B00738668 /* EditSteps.storyboard */,
			);
			path = Edit;
			sourceTree = "<group>";
		};
		7FA1BA7B264CC5D600B8ED13 /* View */ = {
			isa = PBXGroup;
			children = (
				7FE21435264F942F00208667 /* Edit */,
				7FE21428264E766D00208667 /* Read */,
				7FA1BA90264E4C4E00B8ED13 /* Profile */,
				7FA1BA8F264E4C3900B8ED13 /* Feed */,
			);
			path = View;
			sourceTree = "<group>";
		};
		7FA1BA7C264CC5DD00B8ED13 /* Model */ = {
			isa = PBXGroup;
			children = (
				7FFCF06A2650CED80082ED8E /* Feed.swift */,
				7F13B16226568AFA0042F3EC /* Ingredient.swift */,
				7F13B160265689330042F3EC /* Recipe.swift */,
				7F13B16426568BB90042F3EC /* Step.swift */,
				7F7C735C26589CED00D1AFD4 /* User.swift */,
				7FE2C20A266390D500FCEAE3 /* TodayRecipe.swift */,
			);
			path = Model;
			sourceTree = "<group>";
		};
		7FA1BA7D264CC5E400B8ED13 /* ViewModel */ = {
			isa = PBXGroup;
			children = (
				7F7C736026594C5F00D1AFD4 /* EditViewModel.swift */,
				7FFCF0682650C8420082ED8E /* FeedViewModel.swift */,
				7FFCF071265104EE0082ED8E /* HomeViewModel.swift */,
				7F13B1662656AD3E0042F3EC /* ProfileViewModel.swift */,
				7F13B15E265688D10042F3EC /* RecipeViewModel.swift */,
				7F7C735E2658A98E00D1AFD4 /* UserViewModel.swift */,
				7FC23EBA265FED1B00522ED4 /* ReadViewModel.swift */,
				7FE2C20C2663993600FCEAE3 /* TodayViewModel.swift */,
				7FE2C20E26639A1400FCEAE3 /* TodayRecipeViewModel.swift */,
				7F5256752666740B005A2DB9 /* SignInViewModel.swift */,
			);
			path = ViewModel;
			sourceTree = "<group>";
		};
		7FA1BA7E264CC60C00B8ED13 /* Network */ = {
			isa = PBXGroup;
			children = (
				7FFCF06F2650F73C0082ED8E /* FeedManager.swift */,
				7F52567726667938005A2DB9 /* UserManager.swift */,
				7F23F547267B97BA009A126D /* RecipeManager.swift */,
			);
			path = Network;
			sourceTree = "<group>";
		};
		7FA1BA7F264CC67900B8ED13 /* Controller */ = {
			isa = PBXGroup;
			children = (
				7FFCF08E2654C4A60082ED8E /* ChallengeViewController.swift */,
				7F284C2F264BC19C001A0B4E /* HomeViewController.swift */,
				7FFCF07B265266BB0082ED8E /* ProfileViewController.swift */,
				7F5256712665C392005A2DB9 /* SignInViewController.swift */,
				7F7C7368265D374200D1AFD4 /* Edit */,
				7F7C7369265D376300D1AFD4 /* Read */,
				7FE2C2092663746F00FCEAE3 /* Today */,
				7FF736F6266DFA92006E1E3E /* PrivacyViewController.swift */,
			);
			path = Controller;
			sourceTree = "<group>";
		};
		7FA1BA81264CC84200B8ED13 /* Storyboard */ = {
			isa = PBXGroup;
			children = (
				7FFCF08C2654B70D0082ED8E /* Challenge.storyboard */,
				7F284C36264BC19E001A0B4E /* LaunchScreen.storyboard */,
				7FA1BA83264CD1A900B8ED13 /* Main.storyboard */,
				7FA1BA85264CDBA600B8ED13 /* Profile.storyboard */,
				7FA1BA97264E678000B8ED13 /* Read.storyboard */,
				7F52566F2665C315005A2DB9 /* SignIn.storyboard */,
				7F284C31264BC19C001A0B4E /* Today.storyboard */,
				7F7C736A265DDE2A00D1AFD4 /* Edit */,
			);
			path = Storyboard;
			sourceTree = "<group>";
		};
		7FA1BA82264CC85800B8ED13 /* Utility */ = {
			isa = PBXGroup;
			children = (
				7FFCF073265105F00082ED8E /* Box.swift */,
			);
			path = Utility;
			sourceTree = "<group>";
		};
		7FA1BA8F264E4C3900B8ED13 /* Feed */ = {
			isa = PBXGroup;
			children = (
				7FFCF0602650148C0082ED8E /* FeedChallengeDoneTableViewCell.swift */,
				7F12F8D72668B919007ADB8B /* FeedChallengeTableViewCell.swift */,
				7FA1BA8B264CFC9D00B8ED13 /* FeedTableViewCell.swift */,
			);
			path = Feed;
			sourceTree = "<group>";
		};
		7FA1BA90264E4C4E00B8ED13 /* Profile */ = {
			isa = PBXGroup;
			children = (
				7FA1BA93264E4C9200B8ED13 /* ProfileCollectionViewCell.swift */,
			);
			path = Profile;
			sourceTree = "<group>";
		};
		7FE21428264E766D00208667 /* Read */ = {
			isa = PBXGroup;
			children = (
				7FE2142D264E819F00208667 /* ReadIngredientsCollectionViewCell.swift */,
				7FE21429264E769100208667 /* ReadStepsCollectionViewCell.swift */,
				7FE2142E264E819F00208667 /* ReadIngredientsCollectionViewCell.xib */,
				7FE2142A264E769100208667 /* ReadStepsCollectionViewCell.xib */,
			);
			path = Read;
			sourceTree = "<group>";
		};
		7FE21435264F942F00208667 /* Edit */ = {
			isa = PBXGroup;
			children = (
				7FE21436264F948F00208667 /* EditIngredientsTableViewCell.swift */,
				7F7C7364265D341100D1AFD4 /* EditStepsCollectionViewCell.swift */,
				7FE2143A264F996D00208667 /* EditStepsTableViewCell.swift */,
				7FE21437264F948F00208667 /* EditIngredientsTableViewCell.xib */,
				7FE2143B264F996D00208667 /* EditStepsTableViewCell.xib */,
			);
			path = Edit;
			sourceTree = "<group>";
		};
		7FE2C2092663746F00FCEAE3 /* Today */ = {
			isa = PBXGroup;
			children = (
				7FFCF075265222520082ED8E /* TodayViewController.swift */,
				7FE2C2072663746600FCEAE3 /* TodayVideoViewController.swift */,
			);
			path = Today;
			sourceTree = "<group>";
		};
		7FFCF05F26500AEB0082ED8E /* Extension */ = {
			isa = PBXGroup;
			children = (
				7FFCF05D26500AE10082ED8E /* UITableView+Extension.swift */,
				7FFCF077265233820082ED8E /* UIStoryboard+Extension.swift */,
				7FFCF0932654EB9F0082ED8E /* UICollectionView+Extension.swift */,
				7F13B15C265557980042F3EC /* UIView+Extension.swift */,
				7F5256732665E2AC005A2DB9 /* UserDefaults+Extension.swift */,
			);
			path = Extension;
			sourceTree = "<group>";
		};
		7FFCF0652650C49E0082ED8E /* ThirdPartyWrapper */ = {
			isa = PBXGroup;
			children = (
				7FFCF0902654E8C70082ED8E /* CustomCollectionViewLayout */,
				7FFCF0662650C4AC0082ED8E /* KingFisherWrapper.swift */,
				7FF736F4266CBD69006E1E3E /* JGProgressHUDWrapper.swift */,
			);
			path = ThirdPartyWrapper;
			sourceTree = "<group>";
		};
		7FFCF06C2650F5070082ED8E /* Helper */ = {
			isa = PBXGroup;
			children = (
				7FFCF06D2650F51B0082ED8E /* DateHelper.swift */,
			);
			path = Helper;
			sourceTree = "<group>";
		};
		7FFCF0902654E8C70082ED8E /* CustomCollectionViewLayout */ = {
			isa = PBXGroup;
			children = (
				7FFCF0912654E8C70082ED8E /* SnapCollectionFlowLayout.swift */,
			);
			path = CustomCollectionViewLayout;
			sourceTree = "<group>";
		};
		D63455D3A42A34D9C1BC7ED6 /* Frameworks */ = {
			isa = PBXGroup;
			children = (
				2BDA11CE3C80128E152603F5 /* Pods_CookBook.framework */,
			);
			name = Frameworks;
			sourceTree = "<group>";
		};
/* End PBXGroup section */

/* Begin PBXNativeTarget section */
		7F284C27264BC19C001A0B4E /* CookBook */ = {
			isa = PBXNativeTarget;
			buildConfigurationList = 7F284C3C264BC19E001A0B4E /* Build configuration list for PBXNativeTarget "CookBook" */;
			buildPhases = (
				BDBB3A0FA20A9BE89DE87147 /* [CP] Check Pods Manifest.lock */,
				7F284C24264BC19C001A0B4E /* Sources */,
				7F284C25264BC19C001A0B4E /* Frameworks */,
				7F284C26264BC19C001A0B4E /* Resources */,
				7F284C40264BC68E001A0B4E /* ShellScript */,
				1D73D99EABCD461A397BD92E /* [CP] Embed Pods Frameworks */,
				7F4F3B0026710C5D00E38DDC /* ShellScript */,
			);
			buildRules = (
			);
			dependencies = (
			);
			name = CookBook;
			productName = CookBook;
			productReference = 7F284C28264BC19C001A0B4E /* CookBook.app */;
			productType = "com.apple.product-type.application";
		};
		7F71652A267DB1BA0036FF35 /* CookBookTests */ = {
			isa = PBXNativeTarget;
			buildConfigurationList = 7F716534267DB1BA0036FF35 /* Build configuration list for PBXNativeTarget "CookBookTests" */;
			buildPhases = (
				7F716527267DB1BA0036FF35 /* Sources */,
				7F716528267DB1BA0036FF35 /* Frameworks */,
				7F716529267DB1BA0036FF35 /* Resources */,
			);
			buildRules = (
			);
			dependencies = (
				7F716531267DB1BA0036FF35 /* PBXTargetDependency */,
			);
			name = CookBookTests;
			productName = CookBookTests;
			productReference = 7F71652B267DB1BA0036FF35 /* CookBookTests.xctest */;
			productType = "com.apple.product-type.bundle.unit-test";
		};
/* End PBXNativeTarget section */

/* Begin PBXProject section */
		7F284C20264BC19C001A0B4E /* Project object */ = {
			isa = PBXProject;
			attributes = {
				LastSwiftUpdateCheck = 1250;
				LastUpgradeCheck = 1250;
				TargetAttributes = {
					7F284C27264BC19C001A0B4E = {
						CreatedOnToolsVersion = 12.5;
					};
					7F71652A267DB1BA0036FF35 = {
						CreatedOnToolsVersion = 12.5;
						TestTargetID = 7F284C27264BC19C001A0B4E;
					};
				};
			};
			buildConfigurationList = 7F284C23264BC19C001A0B4E /* Build configuration list for PBXProject "CookBook" */;
			compatibilityVersion = "Xcode 9.3";
			developmentRegion = en;
			hasScannedForEncodings = 0;
			knownRegions = (
				en,
				Base,
			);
			mainGroup = 7F284C1F264BC19C001A0B4E;
			productRefGroup = 7F284C29264BC19C001A0B4E /* Products */;
			projectDirPath = "";
			projectRoot = "";
			targets = (
				7F284C27264BC19C001A0B4E /* CookBook */,
				7F71652A267DB1BA0036FF35 /* CookBookTests */,
			);
		};
/* End PBXProject section */

/* Begin PBXResourcesBuildPhase section */
		7F284C26264BC19C001A0B4E /* Resources */ = {
			isa = PBXResourcesBuildPhase;
			buildActionMask = 2147483647;
			files = (
				7F284C38264BC19E001A0B4E /* LaunchScreen.storyboard in Resources */,
				7F4F3AFC26709F2A00E38DDC /* 45730-recipes-book-animation.json in Resources */,
				7F284C35264BC19E001A0B4E /* Assets.xcassets in Resources */,
				7F5E0C9A264FBDEA00738668 /* EditIngredients.storyboard in Resources */,
				7FA1BA86264CDBA600B8ED13 /* Profile.storyboard in Resources */,
				7FA1BA84264CD1A900B8ED13 /* Main.storyboard in Resources */,
				7F5256702665C315005A2DB9 /* SignIn.storyboard in Resources */,
				7F5E0C9C264FBE1B00738668 /* EditSteps.storyboard in Resources */,
				7FE2142C264E769100208667 /* ReadStepsCollectionViewCell.xib in Resources */,
				7FFCF08D2654B70D0082ED8E /* Challenge.storyboard in Resources */,
				7FA1BA88264CDCDE00B8ED13 /* Edit.storyboard in Resources */,
				7F4F3AFF2670A08700E38DDC /* 45726-recipes-animation.json in Resources */,
				7FE21439264F948F00208667 /* EditIngredientsTableViewCell.xib in Resources */,
				7F5E0C9E264FF58F00738668 /* GoogleService-Info.plist in Resources */,
				7FFCF08B26540BA40082ED8E /* EditDone.storyboard in Resources */,
				7FE21430264E819F00208667 /* ReadIngredientsCollectionViewCell.xib in Resources */,
				7FA1BA98264E678000B8ED13 /* Read.storyboard in Resources */,
				7FE2143D264F996D00208667 /* EditStepsTableViewCell.xib in Resources */,
				7F284C33264BC19C001A0B4E /* Today.storyboard in Resources */,
			);
			runOnlyForDeploymentPostprocessing = 0;
		};
		7F716529267DB1BA0036FF35 /* Resources */ = {
			isa = PBXResourcesBuildPhase;
			buildActionMask = 2147483647;
			files = (
			);
			runOnlyForDeploymentPostprocessing = 0;
		};
/* End PBXResourcesBuildPhase section */

/* Begin PBXShellScriptBuildPhase section */
		1D73D99EABCD461A397BD92E /* [CP] Embed Pods Frameworks */ = {
			isa = PBXShellScriptBuildPhase;
			buildActionMask = 2147483647;
			files = (
			);
			inputFileListPaths = (
				"${PODS_ROOT}/Target Support Files/Pods-CookBook/Pods-CookBook-frameworks-${CONFIGURATION}-input-files.xcfilelist",
			);
			name = "[CP] Embed Pods Frameworks";
			outputFileListPaths = (
				"${PODS_ROOT}/Target Support Files/Pods-CookBook/Pods-CookBook-frameworks-${CONFIGURATION}-output-files.xcfilelist",
			);
			runOnlyForDeploymentPostprocessing = 0;
			shellPath = /bin/sh;
			shellScript = "\"${PODS_ROOT}/Target Support Files/Pods-CookBook/Pods-CookBook-frameworks.sh\"\n";
			showEnvVarsInLog = 0;
		};
		7F284C40264BC68E001A0B4E /* ShellScript */ = {
			isa = PBXShellScriptBuildPhase;
			buildActionMask = 2147483647;
			files = (
			);
			inputFileListPaths = (
			);
			inputPaths = (
			);
			outputFileListPaths = (
			);
			outputPaths = (
			);
			runOnlyForDeploymentPostprocessing = 0;
			shellPath = /bin/sh;
			shellScript = "\"${PODS_ROOT}/SwiftLint/swiftlint\"\n";
		};
		7F4F3B0026710C5D00E38DDC /* ShellScript */ = {
			isa = PBXShellScriptBuildPhase;
			buildActionMask = 2147483647;
			files = (
			);
			inputFileListPaths = (
			);
			inputPaths = (
				"${DWARF_DSYM_FOLDER_PATH}/${DWARF_DSYM_FILE_NAME}/Contents/Resources/DWARF/${TARGET_NAME}",
				"$(SRCROOT)/$(BUILT_PRODUCTS_DIR)/$(INFOPLIST_PATH)",
			);
			outputFileListPaths = (
			);
			outputPaths = (
			);
			runOnlyForDeploymentPostprocessing = 0;
			shellPath = /bin/sh;
			shellScript = "\"${PODS_ROOT}/FirebaseCrashlytics/run\"\n";
		};
		BDBB3A0FA20A9BE89DE87147 /* [CP] Check Pods Manifest.lock */ = {
			isa = PBXShellScriptBuildPhase;
			buildActionMask = 2147483647;
			files = (
			);
			inputFileListPaths = (
			);
			inputPaths = (
				"${PODS_PODFILE_DIR_PATH}/Podfile.lock",
				"${PODS_ROOT}/Manifest.lock",
			);
			name = "[CP] Check Pods Manifest.lock";
			outputFileListPaths = (
			);
			outputPaths = (
				"$(DERIVED_FILE_DIR)/Pods-CookBook-checkManifestLockResult.txt",
			);
			runOnlyForDeploymentPostprocessing = 0;
			shellPath = /bin/sh;
			shellScript = "diff \"${PODS_PODFILE_DIR_PATH}/Podfile.lock\" \"${PODS_ROOT}/Manifest.lock\" > /dev/null\nif [ $? != 0 ] ; then\n    # print error to STDERR\n    echo \"error: The sandbox is not in sync with the Podfile.lock. Run 'pod install' or update your CocoaPods installation.\" >&2\n    exit 1\nfi\n# This output is used by Xcode 'outputs' to avoid re-running this script phase.\necho \"SUCCESS\" > \"${SCRIPT_OUTPUT_FILE_0}\"\n";
			showEnvVarsInLog = 0;
		};
/* End PBXShellScriptBuildPhase section */

/* Begin PBXSourcesBuildPhase section */
		7F284C24264BC19C001A0B4E /* Sources */ = {
			isa = PBXSourcesBuildPhase;
			buildActionMask = 2147483647;
			files = (
				7F13B15D265557980042F3EC /* UIView+Extension.swift in Sources */,
				7FFCF0692650C8420082ED8E /* FeedViewModel.swift in Sources */,
				7FF736F5266CBD69006E1E3E /* JGProgressHUDWrapper.swift in Sources */,
				7FF736F7266DFA92006E1E3E /* PrivacyViewController.swift in Sources */,
				7FFCF072265104EE0082ED8E /* HomeViewModel.swift in Sources */,
				7F7C736126594C5F00D1AFD4 /* EditViewModel.swift in Sources */,
				7F5256762666740B005A2DB9 /* SignInViewModel.swift in Sources */,
				7FFCF074265105F00082ED8E /* Box.swift in Sources */,
				7F12F8DA2668DEBD007ADB8B /* EditChallengeDoneViewController.swift in Sources */,
				7FFCF06B2650CED80082ED8E /* Feed.swift in Sources */,
				7FFCF05E26500AE10082ED8E /* UITableView+Extension.swift in Sources */,
				7FE21438264F948F00208667 /* EditIngredientsTableViewCell.swift in Sources */,
				7F5256742665E2AC005A2DB9 /* UserDefaults+Extension.swift in Sources */,
				7F5256722665C392005A2DB9 /* SignInViewController.swift in Sources */,
				7F7C7363265A2FFB00D1AFD4 /* EditStepsPreviewViewController.swift in Sources */,
				7F7C735926579E7B00D1AFD4 /* EditIngredientsPreviewViewController.swift in Sources */,
				7FE2142F264E819F00208667 /* ReadIngredientsCollectionViewCell.swift in Sources */,
				7F13B161265689330042F3EC /* Recipe.swift in Sources */,
				7F284C30264BC19C001A0B4E /* HomeViewController.swift in Sources */,
				7FC23EBB265FED1B00522ED4 /* ReadViewModel.swift in Sources */,
				7FFCF07E26526C7F0082ED8E /* EditPreviewViewController.swift in Sources */,
				7FFCF0672650C4AC0082ED8E /* KingFisherWrapper.swift in Sources */,
				7F7C7365265D341100D1AFD4 /* EditStepsCollectionViewCell.swift in Sources */,
				7F13B16526568BB90042F3EC /* Step.swift in Sources */,
				7FFCF0822652C12D0082ED8E /* ReadModeViewController.swift in Sources */,
				7FE2C20D2663993600FCEAE3 /* TodayViewModel.swift in Sources */,
				7F52567826667938005A2DB9 /* UserManager.swift in Sources */,
				7FA1BA8D264CFC9D00B8ED13 /* FeedTableViewCell.swift in Sources */,
				7F7C735D26589CED00D1AFD4 /* User.swift in Sources */,
				7F7C735F2658A98E00D1AFD4 /* UserViewModel.swift in Sources */,
				7F12F8D82668B919007ADB8B /* FeedChallengeTableViewCell.swift in Sources */,
				7FFCF0702650F73C0082ED8E /* FeedManager.swift in Sources */,
				7FFCF076265222520082ED8E /* TodayViewController.swift in Sources */,
				7FFCF0872653F9770082ED8E /* EditIngredientsViewController.swift in Sources */,
				7FFCF0942654EB9F0082ED8E /* UICollectionView+Extension.swift in Sources */,
				7F13B1672656AD3E0042F3EC /* ProfileViewModel.swift in Sources */,
				7FFCF08F2654C4A60082ED8E /* ChallengeViewController.swift in Sources */,
				7F13B16326568AFA0042F3EC /* Ingredient.swift in Sources */,
				7FFCF080265281C70082ED8E /* ReadViewController.swift in Sources */,
				7F13B15F265688D10042F3EC /* RecipeViewModel.swift in Sources */,
				7FFCF06E2650F51B0082ED8E /* DateHelper.swift in Sources */,
				7FE2143C264F996D00208667 /* EditStepsTableViewCell.swift in Sources */,
				7FFCF089265409BC0082ED8E /* EditDoneViewController.swift in Sources */,
				7FFCF07C265266BB0082ED8E /* ProfileViewController.swift in Sources */,
				7FE2C20B266390D500FCEAE3 /* TodayRecipe.swift in Sources */,
				7FFCF0842653F44D0082ED8E /* EditStepsViewController.swift in Sources */,
				7FE2142B264E769100208667 /* ReadStepsCollectionViewCell.swift in Sources */,
				7F284C2C264BC19C001A0B4E /* AppDelegate.swift in Sources */,
				7FFCF0922654E8C70082ED8E /* SnapCollectionFlowLayout.swift in Sources */,
				7F284C2E264BC19C001A0B4E /* SceneDelegate.swift in Sources */,
				7FE2C20F26639A1400FCEAE3 /* TodayRecipeViewModel.swift in Sources */,
				7FA1BA95264E4C9200B8ED13 /* ProfileCollectionViewCell.swift in Sources */,
				7FFCF0622650148D0082ED8E /* FeedChallengeDoneTableViewCell.swift in Sources */,
				7FFCF07A26523C000082ED8E /* EditViewController.swift in Sources */,
				7F23F548267B97BA009A126D /* RecipeManager.swift in Sources */,
				7FE2C2082663746600FCEAE3 /* TodayVideoViewController.swift in Sources */,
				7FFCF078265233820082ED8E /* UIStoryboard+Extension.swift in Sources */,
			);
			runOnlyForDeploymentPostprocessing = 0;
		};
		7F716527267DB1BA0036FF35 /* Sources */ = {
			isa = PBXSourcesBuildPhase;
			buildActionMask = 2147483647;
			files = (
				7F71652E267DB1BA0036FF35 /* CookBookTests.swift in Sources */,
			);
			runOnlyForDeploymentPostprocessing = 0;
		};
/* End PBXSourcesBuildPhase section */

/* Begin PBXTargetDependency section */
		7F716531267DB1BA0036FF35 /* PBXTargetDependency */ = {
			isa = PBXTargetDependency;
			target = 7F284C27264BC19C001A0B4E /* CookBook */;
			targetProxy = 7F716530267DB1BA0036FF35 /* PBXContainerItemProxy */;
		};
/* End PBXTargetDependency section */

/* Begin PBXVariantGroup section */
		7F284C31264BC19C001A0B4E /* Today.storyboard */ = {
			isa = PBXVariantGroup;
			children = (
				7F284C32264BC19C001A0B4E /* Base */,
			);
			name = Today.storyboard;
			sourceTree = "<group>";
		};
		7F284C36264BC19E001A0B4E /* LaunchScreen.storyboard */ = {
			isa = PBXVariantGroup;
			children = (
				7F284C37264BC19E001A0B4E /* Base */,
			);
			name = LaunchScreen.storyboard;
			sourceTree = "<group>";
		};
/* End PBXVariantGroup section */

/* Begin XCBuildConfiguration section */
		7F284C3A264BC19E001A0B4E /* Debug */ = {
			isa = XCBuildConfiguration;
			buildSettings = {
				ALWAYS_SEARCH_USER_PATHS = NO;
				CLANG_ANALYZER_NONNULL = YES;
				CLANG_ANALYZER_NUMBER_OBJECT_CONVERSION = YES_AGGRESSIVE;
				CLANG_CXX_LANGUAGE_STANDARD = "gnu++14";
				CLANG_CXX_LIBRARY = "libc++";
				CLANG_ENABLE_MODULES = YES;
				CLANG_ENABLE_OBJC_ARC = YES;
				CLANG_ENABLE_OBJC_WEAK = YES;
				CLANG_WARN_BLOCK_CAPTURE_AUTORELEASING = YES;
				CLANG_WARN_BOOL_CONVERSION = YES;
				CLANG_WARN_COMMA = YES;
				CLANG_WARN_CONSTANT_CONVERSION = YES;
				CLANG_WARN_DEPRECATED_OBJC_IMPLEMENTATIONS = YES;
				CLANG_WARN_DIRECT_OBJC_ISA_USAGE = YES_ERROR;
				CLANG_WARN_DOCUMENTATION_COMMENTS = YES;
				CLANG_WARN_EMPTY_BODY = YES;
				CLANG_WARN_ENUM_CONVERSION = YES;
				CLANG_WARN_INFINITE_RECURSION = YES;
				CLANG_WARN_INT_CONVERSION = YES;
				CLANG_WARN_NON_LITERAL_NULL_CONVERSION = YES;
				CLANG_WARN_OBJC_IMPLICIT_RETAIN_SELF = YES;
				CLANG_WARN_OBJC_LITERAL_CONVERSION = YES;
				CLANG_WARN_OBJC_ROOT_CLASS = YES_ERROR;
				CLANG_WARN_QUOTED_INCLUDE_IN_FRAMEWORK_HEADER = YES;
				CLANG_WARN_RANGE_LOOP_ANALYSIS = YES;
				CLANG_WARN_STRICT_PROTOTYPES = YES;
				CLANG_WARN_SUSPICIOUS_MOVE = YES;
				CLANG_WARN_UNGUARDED_AVAILABILITY = YES_AGGRESSIVE;
				CLANG_WARN_UNREACHABLE_CODE = YES;
				CLANG_WARN__DUPLICATE_METHOD_MATCH = YES;
				COPY_PHASE_STRIP = NO;
				DEBUG_INFORMATION_FORMAT = "dwarf-with-dsym";
				ENABLE_STRICT_OBJC_MSGSEND = YES;
				ENABLE_TESTABILITY = YES;
				GCC_C_LANGUAGE_STANDARD = gnu11;
				GCC_DYNAMIC_NO_PIC = NO;
				GCC_NO_COMMON_BLOCKS = YES;
				GCC_OPTIMIZATION_LEVEL = 0;
				GCC_PREPROCESSOR_DEFINITIONS = (
					"DEBUG=1",
					"$(inherited)",
				);
				GCC_WARN_64_TO_32_BIT_CONVERSION = YES;
				GCC_WARN_ABOUT_RETURN_TYPE = YES_ERROR;
				GCC_WARN_UNDECLARED_SELECTOR = YES;
				GCC_WARN_UNINITIALIZED_AUTOS = YES_AGGRESSIVE;
				GCC_WARN_UNUSED_FUNCTION = YES;
				GCC_WARN_UNUSED_VARIABLE = YES;
				IPHONEOS_DEPLOYMENT_TARGET = 14.1;
				MTL_ENABLE_DEBUG_INFO = INCLUDE_SOURCE;
				MTL_FAST_MATH = YES;
				ONLY_ACTIVE_ARCH = YES;
				SDKROOT = iphoneos;
				SWIFT_ACTIVE_COMPILATION_CONDITIONS = DEBUG;
				SWIFT_OPTIMIZATION_LEVEL = "-Onone";
			};
			name = Debug;
		};
		7F284C3B264BC19E001A0B4E /* Release */ = {
			isa = XCBuildConfiguration;
			buildSettings = {
				ALWAYS_SEARCH_USER_PATHS = NO;
				CLANG_ANALYZER_NONNULL = YES;
				CLANG_ANALYZER_NUMBER_OBJECT_CONVERSION = YES_AGGRESSIVE;
				CLANG_CXX_LANGUAGE_STANDARD = "gnu++14";
				CLANG_CXX_LIBRARY = "libc++";
				CLANG_ENABLE_MODULES = YES;
				CLANG_ENABLE_OBJC_ARC = YES;
				CLANG_ENABLE_OBJC_WEAK = YES;
				CLANG_WARN_BLOCK_CAPTURE_AUTORELEASING = YES;
				CLANG_WARN_BOOL_CONVERSION = YES;
				CLANG_WARN_COMMA = YES;
				CLANG_WARN_CONSTANT_CONVERSION = YES;
				CLANG_WARN_DEPRECATED_OBJC_IMPLEMENTATIONS = YES;
				CLANG_WARN_DIRECT_OBJC_ISA_USAGE = YES_ERROR;
				CLANG_WARN_DOCUMENTATION_COMMENTS = YES;
				CLANG_WARN_EMPTY_BODY = YES;
				CLANG_WARN_ENUM_CONVERSION = YES;
				CLANG_WARN_INFINITE_RECURSION = YES;
				CLANG_WARN_INT_CONVERSION = YES;
				CLANG_WARN_NON_LITERAL_NULL_CONVERSION = YES;
				CLANG_WARN_OBJC_IMPLICIT_RETAIN_SELF = YES;
				CLANG_WARN_OBJC_LITERAL_CONVERSION = YES;
				CLANG_WARN_OBJC_ROOT_CLASS = YES_ERROR;
				CLANG_WARN_QUOTED_INCLUDE_IN_FRAMEWORK_HEADER = YES;
				CLANG_WARN_RANGE_LOOP_ANALYSIS = YES;
				CLANG_WARN_STRICT_PROTOTYPES = YES;
				CLANG_WARN_SUSPICIOUS_MOVE = YES;
				CLANG_WARN_UNGUARDED_AVAILABILITY = YES_AGGRESSIVE;
				CLANG_WARN_UNREACHABLE_CODE = YES;
				CLANG_WARN__DUPLICATE_METHOD_MATCH = YES;
				COPY_PHASE_STRIP = NO;
				DEBUG_INFORMATION_FORMAT = "dwarf-with-dsym";
				ENABLE_NS_ASSERTIONS = NO;
				ENABLE_STRICT_OBJC_MSGSEND = YES;
				GCC_C_LANGUAGE_STANDARD = gnu11;
				GCC_NO_COMMON_BLOCKS = YES;
				GCC_WARN_64_TO_32_BIT_CONVERSION = YES;
				GCC_WARN_ABOUT_RETURN_TYPE = YES_ERROR;
				GCC_WARN_UNDECLARED_SELECTOR = YES;
				GCC_WARN_UNINITIALIZED_AUTOS = YES_AGGRESSIVE;
				GCC_WARN_UNUSED_FUNCTION = YES;
				GCC_WARN_UNUSED_VARIABLE = YES;
				IPHONEOS_DEPLOYMENT_TARGET = 14.1;
				MTL_ENABLE_DEBUG_INFO = NO;
				MTL_FAST_MATH = YES;
				SDKROOT = iphoneos;
				SWIFT_COMPILATION_MODE = wholemodule;
				SWIFT_OPTIMIZATION_LEVEL = "-O";
				VALIDATE_PRODUCT = YES;
			};
			name = Release;
		};
		7F284C3D264BC19E001A0B4E /* Debug */ = {
			isa = XCBuildConfiguration;
			baseConfigurationReference = B6EC1FF843BFE59FD2CD440B /* Pods-CookBook.debug.xcconfig */;
			buildSettings = {
				ASSETCATALOG_COMPILER_APPICON_NAME = AppIcon;
				ASSETCATALOG_COMPILER_GLOBAL_ACCENT_COLOR_NAME = AccentColor;
				CODE_SIGN_ENTITLEMENTS = CookBook/CookBook.entitlements;
				CODE_SIGN_STYLE = Automatic;
				CURRENT_PROJECT_VERSION = 9;
				DEVELOPMENT_TEAM = F3Q9U3H4LY;
				INFOPLIST_FILE = CookBook/Info.plist;
				LD_RUNPATH_SEARCH_PATHS = (
					"$(inherited)",
					"@executable_path/Frameworks",
				);
				MARKETING_VERSION = 1.01;
				PRODUCT_BUNDLE_IDENTIFIER = com.hungchiamao.CookBook;
				PRODUCT_NAME = "$(TARGET_NAME)";
				SWIFT_VERSION = 5.0;
				TARGETED_DEVICE_FAMILY = 1;
			};
			name = Debug;
		};
		7F284C3E264BC19E001A0B4E /* Release */ = {
			isa = XCBuildConfiguration;
			baseConfigurationReference = 0DAE1C997DAE8278848C0706 /* Pods-CookBook.release.xcconfig */;
			buildSettings = {
				ASSETCATALOG_COMPILER_APPICON_NAME = AppIcon;
				ASSETCATALOG_COMPILER_GLOBAL_ACCENT_COLOR_NAME = AccentColor;
				CODE_SIGN_ENTITLEMENTS = CookBook/CookBook.entitlements;
				CODE_SIGN_STYLE = Automatic;
				CURRENT_PROJECT_VERSION = 9;
				DEVELOPMENT_TEAM = F3Q9U3H4LY;
				INFOPLIST_FILE = CookBook/Info.plist;
				LD_RUNPATH_SEARCH_PATHS = (
					"$(inherited)",
					"@executable_path/Frameworks",
				);
				MARKETING_VERSION = 1.01;
				PRODUCT_BUNDLE_IDENTIFIER = com.hungchiamao.CookBook;
				PRODUCT_NAME = "$(TARGET_NAME)";
				SWIFT_VERSION = 5.0;
				TARGETED_DEVICE_FAMILY = 1;
			};
			name = Release;
		};
		7F716532267DB1BA0036FF35 /* Debug */ = {
			isa = XCBuildConfiguration;
			buildSettings = {
				BUNDLE_LOADER = "$(TEST_HOST)";
				CODE_SIGN_STYLE = Automatic;
				DEBUG_INFORMATION_FORMAT = dwarf;
				DEVELOPMENT_TEAM = F3Q9U3H4LY;
				INFOPLIST_FILE = CookBookTests/Info.plist;
				IPHONEOS_DEPLOYMENT_TARGET = 14.5;
				LD_RUNPATH_SEARCH_PATHS = (
					"$(inherited)",
					"@executable_path/Frameworks",
					"@loader_path/Frameworks",
				);
				PRODUCT_BUNDLE_IDENTIFIER = com.hungchiamao.CookBookTests;
				PRODUCT_NAME = "$(TARGET_NAME)";
				SWIFT_VERSION = 5.0;
				TARGETED_DEVICE_FAMILY = "1,2";
				TEST_HOST = "$(BUILT_PRODUCTS_DIR)/CookBook.app/CookBook";
			};
			name = Debug;
		};
		7F716533267DB1BA0036FF35 /* Release */ = {
			isa = XCBuildConfiguration;
			buildSettings = {
				BUNDLE_LOADER = "$(TEST_HOST)";
				CODE_SIGN_STYLE = Automatic;
				DEVELOPMENT_TEAM = F3Q9U3H4LY;
				INFOPLIST_FILE = CookBookTests/Info.plist;
				IPHONEOS_DEPLOYMENT_TARGET = 14.5;
				LD_RUNPATH_SEARCH_PATHS = (
					"$(inherited)",
					"@executable_path/Frameworks",
					"@loader_path/Frameworks",
				);
				PRODUCT_BUNDLE_IDENTIFIER = com.hungchiamao.CookBookTests;
				PRODUCT_NAME = "$(TARGET_NAME)";
				SWIFT_VERSION = 5.0;
				TARGETED_DEVICE_FAMILY = "1,2";
				TEST_HOST = "$(BUILT_PRODUCTS_DIR)/CookBook.app/CookBook";
			};
			name = Release;
		};
/* End XCBuildConfiguration section */

/* Begin XCConfigurationList section */
		7F284C23264BC19C001A0B4E /* Build configuration list for PBXProject "CookBook" */ = {
			isa = XCConfigurationList;
			buildConfigurations = (
				7F284C3A264BC19E001A0B4E /* Debug */,
				7F284C3B264BC19E001A0B4E /* Release */,
			);
			defaultConfigurationIsVisible = 0;
			defaultConfigurationName = Release;
		};
		7F284C3C264BC19E001A0B4E /* Build configuration list for PBXNativeTarget "CookBook" */ = {
			isa = XCConfigurationList;
			buildConfigurations = (
				7F284C3D264BC19E001A0B4E /* Debug */,
				7F284C3E264BC19E001A0B4E /* Release */,
			);
			defaultConfigurationIsVisible = 0;
			defaultConfigurationName = Release;
		};
		7F716534267DB1BA0036FF35 /* Build configuration list for PBXNativeTarget "CookBookTests" */ = {
			isa = XCConfigurationList;
			buildConfigurations = (
				7F716532267DB1BA0036FF35 /* Debug */,
				7F716533267DB1BA0036FF35 /* Release */,
			);
			defaultConfigurationIsVisible = 0;
			defaultConfigurationName = Release;
		};
/* End XCConfigurationList section */
	};
	rootObject = 7F284C20264BC19C001A0B4E /* Project object */;
}
